
Microsoft Visual Studio Solution File, Format Version 12.00
# Visual Studio 14
VisualStudioVersion = 14.0.22823.1
MinimumVisualStudioVersion = 10.0.40219.1
Project("{2150E333-8FDC-42A3-9474-1A3956D46DE8}") = "src", "src", "{A90F160C-12AE-492D-8039-17658CC94F35}"
EndProject
Project("{2150E333-8FDC-42A3-9474-1A3956D46DE8}") = "Solution Items", "Solution Items", "{DD20081E-AF45-4862-800A-EFE51DAB0C9C}"
	ProjectSection(SolutionItems) = preProject
		global.json = global.json
	EndProjectSection
EndProject
Project("{8BB2217D-0F2D-49D1-97BC-3654ED321F3B}") = "Recipe07.Web", "src\Recipe07.Web\Recipe07.Web.xproj", "{81D6FF3E-0D35-42B0-9E64-70D701A582C2}"
EndProject
Project("{8BB2217D-0F2D-49D1-97BC-3654ED321F3B}") = "Recipe07.Dal", "src\Recipe07.Dal\Recipe07.Dal.xproj", "{323E76A1-8CED-4EFF-9059-B4D51E08BC77}"
EndProject
Global
	GlobalSection(SolutionConfigurationPlatforms) = preSolution
		Debug|Any CPU = Debug|Any CPU
		Release|Any CPU = Release|Any CPU
	EndGlobalSection
	GlobalSection(ProjectConfigurationPlatforms) = postSolution
		{81D6FF3E-0D35-42B0-9E64-70D701A582C2}.Debug|Any CPU.ActiveCfg = Debug|Any CPU
		{81D6FF3E-0D35-42B0-9E64-70D701A582C2}.Debug|Any CPU.Build.0 = Debug|Any CPU
		{81D6FF3E-0D35-42B0-9E64-70D701A582C2}.Release|Any CPU.ActiveCfg = Release|Any CPU
		{81D6FF3E-0D35-42B0-9E64-70D701A582C2}.Release|Any CPU.Build.0 = Release|Any CPU
		{323E76A1-8CED-4EFF-9059-B4D51E08BC77}.Debug|Any CPU.ActiveCfg = Debug|Any CPU
		{323E76A1-8CED-4EFF-9059-B4D51E08BC77}.Debug|Any CPU.Build.0 = Debug|Any CPU
		{323E76A1-8CED-4EFF-9059-B4D51E08BC77}.Release|Any CPU.ActiveCfg = Release|Any CPU
		{323E76A1-8CED-4EFF-9059-B4D51E08BC77}.Release|Any CPU.Build.0 = Release|Any CPU
	EndGlobalSection
	GlobalSection(SolutionProperties) = preSolution
		HideSolutionNode = FALSE
	EndGlobalSection
	GlobalSection(NestedProjects) = preSolution
		{81D6FF3E-0D35-42B0-9E64-70D701A582C2} = {A90F160C-12AE-492D-8039-17658CC94F35}
		{323E76A1-8CED-4EFF-9059-B4D51E08BC77} = {A90F160C-12AE-492D-8039-17658CC94F35}
	EndGlobalSection
EndGlobal
