
Microsoft Visual Studio Solution File, Format Version 12.00
# Visual Studio 14
VisualStudioVersion = 14.0.22013.1
MinimumVisualStudioVersion = 10.0.40219.1
Project("{8BB2217D-0F2D-49D1-97BC-3654ED321F3B}") = "Web", "Web\Web.kproj", "{EA3D72BE-47AB-4643-92C4-B493D9C9EF82}"
EndProject
Project("{8BB2217D-0F2D-49D1-97BC-3654ED321F3B}") = "DataAccess", "DataAccess\DataAccess.kproj", "{0D75CC2D-9F08-499D-B5A4-380325F1AFE5}"
EndProject
Global
	GlobalSection(SolutionConfigurationPlatforms) = preSolution
		Debug|Any CPU = Debug|Any CPU
		Release|Any CPU = Release|Any CPU
	EndGlobalSection
	GlobalSection(ProjectConfigurationPlatforms) = postSolution
		{EA3D72BE-47AB-4643-92C4-B493D9C9EF82}.Debug|Any CPU.ActiveCfg = Debug|Any CPU
		{EA3D72BE-47AB-4643-92C4-B493D9C9EF82}.Debug|Any CPU.Build.0 = Debug|Any CPU
		{EA3D72BE-47AB-4643-92C4-B493D9C9EF82}.Release|Any CPU.ActiveCfg = Release|Any CPU
		{EA3D72BE-47AB-4643-92C4-B493D9C9EF82}.Release|Any CPU.Build.0 = Release|Any CPU
		{0D75CC2D-9F08-499D-B5A4-380325F1AFE5}.Debug|Any CPU.ActiveCfg = Debug|Any CPU
		{0D75CC2D-9F08-499D-B5A4-380325F1AFE5}.Debug|Any CPU.Build.0 = Debug|Any CPU
		{0D75CC2D-9F08-499D-B5A4-380325F1AFE5}.Release|Any CPU.ActiveCfg = Release|Any CPU
		{0D75CC2D-9F08-499D-B5A4-380325F1AFE5}.Release|Any CPU.Build.0 = Release|Any CPU
	EndGlobalSection
	GlobalSection(SolutionProperties) = preSolution
		HideSolutionNode = FALSE
	EndGlobalSection
EndGlobal
