
Microsoft Visual Studio Solution File, Format Version 12.00
# Visual Studio 14
VisualStudioVersion = 14.0.22823.1
MinimumVisualStudioVersion = 10.0.40219.1
Project("{2150E333-8FDC-42A3-9474-1A3956D46DE8}") = "src", "src", "{E5017E3C-1B77-435C-97C5-8672735EBF01}"
EndProject
Project("{2150E333-8FDC-42A3-9474-1A3956D46DE8}") = "Solution Items", "Solution Items", "{E6F0D273-BA75-488D-B718-C03392D224BC}"
	ProjectSection(SolutionItems) = preProject
		global.json = global.json
	EndProjectSection
EndProject
Project("{8BB2217D-0F2D-49D1-97BC-3654ED321F3B}") = "Recipe07.Web", "src\Recipe07.Web\Recipe07.Web.xproj", "{A83B02D4-44F2-4A14-9462-AA0DEFEAEBF6}"
EndProject
Project("{8BB2217D-0F2D-49D1-97BC-3654ED321F3B}") = "Mvc6Recipes.Shared.DataAccess", "..\..\Shared\Mvc6Recipes.Shared.DataAccessEf7v2\src\Mvc6Recipes.Shared.DataAccess\Mvc6Recipes.Shared.DataAccess.xproj", "{36CD3286-2475-43B6-A0B7-EF662EFBC5AA}"
EndProject
Global
	GlobalSection(SolutionConfigurationPlatforms) = preSolution
		Debug|Any CPU = Debug|Any CPU
		Release|Any CPU = Release|Any CPU
	EndGlobalSection
	GlobalSection(ProjectConfigurationPlatforms) = postSolution
		{A83B02D4-44F2-4A14-9462-AA0DEFEAEBF6}.Debug|Any CPU.ActiveCfg = Debug|Any CPU
		{A83B02D4-44F2-4A14-9462-AA0DEFEAEBF6}.Debug|Any CPU.Build.0 = Debug|Any CPU
		{A83B02D4-44F2-4A14-9462-AA0DEFEAEBF6}.Release|Any CPU.ActiveCfg = Release|Any CPU
		{A83B02D4-44F2-4A14-9462-AA0DEFEAEBF6}.Release|Any CPU.Build.0 = Release|Any CPU
		{36CD3286-2475-43B6-A0B7-EF662EFBC5AA}.Debug|Any CPU.ActiveCfg = Debug|Any CPU
		{36CD3286-2475-43B6-A0B7-EF662EFBC5AA}.Debug|Any CPU.Build.0 = Debug|Any CPU
		{36CD3286-2475-43B6-A0B7-EF662EFBC5AA}.Release|Any CPU.ActiveCfg = Release|Any CPU
		{36CD3286-2475-43B6-A0B7-EF662EFBC5AA}.Release|Any CPU.Build.0 = Release|Any CPU
	EndGlobalSection
	GlobalSection(SolutionProperties) = preSolution
		HideSolutionNode = FALSE
	EndGlobalSection
	GlobalSection(NestedProjects) = preSolution
		{A83B02D4-44F2-4A14-9462-AA0DEFEAEBF6} = {E5017E3C-1B77-435C-97C5-8672735EBF01}
	EndGlobalSection
EndGlobal
