
Microsoft Visual Studio Solution File, Format Version 12.00
# Visual Studio 14
VisualStudioVersion = 14.0.22823.1
MinimumVisualStudioVersion = 10.0.40219.1
Project("{2150E333-8FDC-42A3-9474-1A3956D46DE8}") = "src", "src", "{4C18FB85-333E-4C24-BE45-767F15671D3B}"
EndProject
Project("{2150E333-8FDC-42A3-9474-1A3956D46DE8}") = "Solution Items", "Solution Items", "{2D6F658B-6A68-4537-8243-42232485BB6D}"
	ProjectSection(SolutionItems) = preProject
		global.json = global.json
	EndProjectSection
EndProject
Project("{8BB2217D-0F2D-49D1-97BC-3654ED321F3B}") = "Mvc6Recipes.Shared.DataAccess", "src\Mvc6Recipes.Shared.DataAccess\Mvc6Recipes.Shared.DataAccess.xproj", "{36CD3286-2475-43B6-A0B7-EF662EFBC5AA}"
EndProject
Global
	GlobalSection(SolutionConfigurationPlatforms) = preSolution
		Debug|Any CPU = Debug|Any CPU
		Release|Any CPU = Release|Any CPU
	EndGlobalSection
	GlobalSection(ProjectConfigurationPlatforms) = postSolution
		{36CD3286-2475-43B6-A0B7-EF662EFBC5AA}.Debug|Any CPU.ActiveCfg = Debug|Any CPU
		{36CD3286-2475-43B6-A0B7-EF662EFBC5AA}.Debug|Any CPU.Build.0 = Debug|Any CPU
		{36CD3286-2475-43B6-A0B7-EF662EFBC5AA}.Release|Any CPU.ActiveCfg = Release|Any CPU
		{36CD3286-2475-43B6-A0B7-EF662EFBC5AA}.Release|Any CPU.Build.0 = Release|Any CPU
	EndGlobalSection
	GlobalSection(SolutionProperties) = preSolution
		HideSolutionNode = FALSE
	EndGlobalSection
	GlobalSection(NestedProjects) = preSolution
		{36CD3286-2475-43B6-A0B7-EF662EFBC5AA} = {4C18FB85-333E-4C24-BE45-767F15671D3B}
	EndGlobalSection
EndGlobal
