
Microsoft Visual Studio Solution File, Format Version 12.00
# Visual Studio 14
VisualStudioVersion = 14.0.22823.1
MinimumVisualStudioVersion = 10.0.40219.1
Project("{2150E333-8FDC-42A3-9474-1A3956D46DE8}") = "src", "src", "{26B2B1CC-113B-4179-A931-EA4AAC44D6B3}"
EndProject
Project("{2150E333-8FDC-42A3-9474-1A3956D46DE8}") = "Solution Items", "Solution Items", "{BAC385A3-7CC3-4B30-ACC9-DB7CC934FA39}"
	ProjectSection(SolutionItems) = preProject
		global.json = global.json
	EndProjectSection
EndProject
Project("{8BB2217D-0F2D-49D1-97BC-3654ED321F3B}") = "Recipe10.Web", "src\Recipe10.Web\Recipe10.Web.xproj", "{39BC6EB6-ED4D-4ACE-A8FE-B7478D44C2C0}"
EndProject
Global
	GlobalSection(SolutionConfigurationPlatforms) = preSolution
		Debug|Any CPU = Debug|Any CPU
		Release|Any CPU = Release|Any CPU
	EndGlobalSection
	GlobalSection(ProjectConfigurationPlatforms) = postSolution
		{39BC6EB6-ED4D-4ACE-A8FE-B7478D44C2C0}.Debug|Any CPU.ActiveCfg = Debug|Any CPU
		{39BC6EB6-ED4D-4ACE-A8FE-B7478D44C2C0}.Debug|Any CPU.Build.0 = Debug|Any CPU
		{39BC6EB6-ED4D-4ACE-A8FE-B7478D44C2C0}.Release|Any CPU.ActiveCfg = Release|Any CPU
		{39BC6EB6-ED4D-4ACE-A8FE-B7478D44C2C0}.Release|Any CPU.Build.0 = Release|Any CPU
	EndGlobalSection
	GlobalSection(SolutionProperties) = preSolution
		HideSolutionNode = FALSE
	EndGlobalSection
	GlobalSection(NestedProjects) = preSolution
		{39BC6EB6-ED4D-4ACE-A8FE-B7478D44C2C0} = {26B2B1CC-113B-4179-A931-EA4AAC44D6B3}
	EndGlobalSection
EndGlobal
