
Microsoft Visual Studio Solution File, Format Version 12.00
# Visual Studio 14
VisualStudioVersion = 14.0.22013.1
MinimumVisualStudioVersion = 10.0.40219.1
Project("{8BB2217D-0F2D-49D1-97BC-3654ED321F3B}") = "Chapter3.Recipe01", "Chapter3.Recipe01\Chapter3.Recipe01.kproj", "{8CC99614-79EC-4CAE-9821-D2C29D7537CD}"
EndProject
Project("{8BB2217D-0F2D-49D1-97BC-3654ED321F3B}") = "Chapter3.Recipes02to10", "Chapter3.Recipe02\Chapter3.Recipes02to10.kproj", "{A72BE0F9-80F2-4D94-94B0-30C11E24049D}"
EndProject
Project("{8BB2217D-0F2D-49D1-97BC-3654ED321F3B}") = "Chapter3.Recipes11to14", "Chapter3.Recipe11\Chapter3.Recipes11to14.kproj", "{2A52530B-5D2B-49EB-8D80-4D792D318599}"
EndProject
Global
	GlobalSection(SolutionConfigurationPlatforms) = preSolution
		Debug|Any CPU = Debug|Any CPU
		Release|Any CPU = Release|Any CPU
	EndGlobalSection
	GlobalSection(ProjectConfigurationPlatforms) = postSolution
		{8CC99614-79EC-4CAE-9821-D2C29D7537CD}.Debug|Any CPU.ActiveCfg = Debug|Any CPU
		{8CC99614-79EC-4CAE-9821-D2C29D7537CD}.Debug|Any CPU.Build.0 = Debug|Any CPU
		{8CC99614-79EC-4CAE-9821-D2C29D7537CD}.Release|Any CPU.ActiveCfg = Release|Any CPU
		{8CC99614-79EC-4CAE-9821-D2C29D7537CD}.Release|Any CPU.Build.0 = Release|Any CPU
		{A72BE0F9-80F2-4D94-94B0-30C11E24049D}.Debug|Any CPU.ActiveCfg = Debug|Any CPU
		{A72BE0F9-80F2-4D94-94B0-30C11E24049D}.Debug|Any CPU.Build.0 = Debug|Any CPU
		{A72BE0F9-80F2-4D94-94B0-30C11E24049D}.Release|Any CPU.ActiveCfg = Release|Any CPU
		{A72BE0F9-80F2-4D94-94B0-30C11E24049D}.Release|Any CPU.Build.0 = Release|Any CPU
		{2A52530B-5D2B-49EB-8D80-4D792D318599}.Debug|Any CPU.ActiveCfg = Debug|Any CPU
		{2A52530B-5D2B-49EB-8D80-4D792D318599}.Debug|Any CPU.Build.0 = Debug|Any CPU
		{2A52530B-5D2B-49EB-8D80-4D792D318599}.Release|Any CPU.ActiveCfg = Release|Any CPU
		{2A52530B-5D2B-49EB-8D80-4D792D318599}.Release|Any CPU.Build.0 = Release|Any CPU
	EndGlobalSection
	GlobalSection(SolutionProperties) = preSolution
		HideSolutionNode = FALSE
	EndGlobalSection
EndGlobal
